
Microsoft Visual Studio Solution File, Format Version 12.00
# Visual Studio Version 17
VisualStudioVersion = 17.3.32922.545
MinimumVisualStudioVersion = 10.0.40219.1
Project("{FAE04EC0-301F-11D3-BF4B-00C04F79EFBC}") = "ExpenseTrackerWeb", "ExpenseTrackerWeb\ExpenseTrackerWeb.csproj", "{1AEDD78E-9183-4971-AB7C-4AE1DD8E3244}"
EndProject
Global
	GlobalSection(SolutionConfigurationPlatforms) = preSolution
		Debug|Any CPU = Debug|Any CPU
		Release|Any CPU = Release|Any CPU
	EndGlobalSection
	GlobalSection(ProjectConfigurationPlatforms) = postSolution
		{1AEDD78E-9183-4971-AB7C-4AE1DD8E3244}.Debug|Any CPU.ActiveCfg = Debug|Any CPU
		{1AEDD78E-9183-4971-AB7C-4AE1DD8E3244}.Debug|Any CPU.Build.0 = Debug|Any CPU
		{1AEDD78E-9183-4971-AB7C-4AE1DD8E3244}.Release|Any CPU.ActiveCfg = Release|Any CPU
		{1AEDD78E-9183-4971-AB7C-4AE1DD8E3244}.Release|Any CPU.Build.0 = Release|Any CPU
	EndGlobalSection
	GlobalSection(SolutionProperties) = preSolution
		HideSolutionNode = FALSE
	EndGlobalSection
	GlobalSection(ExtensibilityGlobals) = postSolution
		SolutionGuid = {C58C46A5-CB76-469A-BBF2-17A81988B115}
	EndGlobalSection
EndGlobal
